
Microsoft Visual Studio Solution File, Format Version 12.00
# Visual Studio Version 17
VisualStudioVersion = 17.0.31903.59
MinimumVisualStudioVersion = 10.0.40219.1
Project("{2150E333-8FDC-42A3-9474-1A3956D46DE8}") = "backend", "backend", "{1167AE16-80F2-439E-B148-CE3349B14466}"
EndProject
Project("{FAE04EC0-301F-11D3-BF4B-00C04F79EFBC}") = "WebApp.Api", "backend\WebApp.Api\WebApp.Api.csproj", "{75C20F46-0B91-4E4A-A49E-E8D19AD69A96}"
EndProject
Project("{FAE04EC0-301F-11D3-BF4B-00C04F79EFBC}") = "WebApp.Api.Tests", "backend\WebApp.Api.Tests\WebApp.Api.Tests.csproj", "{9FA74EB4-664C-46BA-837A-7262865C1550}"
EndProject
Global
	GlobalSection(SolutionConfigurationPlatforms) = preSolution
		Debug|Any CPU = Debug|Any CPU
		Release|Any CPU = Release|Any CPU
	EndGlobalSection
	GlobalSection(SolutionProperties) = preSolution
		HideSolutionNode = FALSE
	EndGlobalSection
	GlobalSection(ProjectConfigurationPlatforms) = postSolution
		{75C20F46-0B91-4E4A-A49E-E8D19AD69A96}.Debug|Any CPU.ActiveCfg = Debug|Any CPU
		{75C20F46-0B91-4E4A-A49E-E8D19AD69A96}.Debug|Any CPU.Build.0 = Debug|Any CPU
		{75C20F46-0B91-4E4A-A49E-E8D19AD69A96}.Release|Any CPU.ActiveCfg = Release|Any CPU
		{75C20F46-0B91-4E4A-A49E-E8D19AD69A96}.Release|Any CPU.Build.0 = Release|Any CPU
		{9FA74EB4-664C-46BA-837A-7262865C1550}.Debug|Any CPU.ActiveCfg = Debug|Any CPU
		{9FA74EB4-664C-46BA-837A-7262865C1550}.Debug|Any CPU.Build.0 = Debug|Any CPU
		{9FA74EB4-664C-46BA-837A-7262865C1550}.Release|Any CPU.ActiveCfg = Release|Any CPU
		{9FA74EB4-664C-46BA-837A-7262865C1550}.Release|Any CPU.Build.0 = Release|Any CPU
	EndGlobalSection
	GlobalSection(NestedProjects) = preSolution
		{75C20F46-0B91-4E4A-A49E-E8D19AD69A96} = {1167AE16-80F2-439E-B148-CE3349B14466}
		{9FA74EB4-664C-46BA-837A-7262865C1550} = {1167AE16-80F2-439E-B148-CE3349B14466}
	EndGlobalSection
EndGlobal
